
Microsoft Visual Studio Solution File, Format Version 12.00
# Visual Studio 15
VisualStudioVersion = 15.0.27428.2037
MinimumVisualStudioVersion = 10.0.40219.1
Project("{FAE04EC0-301F-11D3-BF4B-00C04F79EFBC}") = "Dungeon Crawlers  - Revolution", "Dungeon Crawlers  - Revolution\Dungeon Crawlers  - Revolution.csproj", "{BC978413-5EB2-4B4F-B55A-2A35D80DAB03}"
EndProject
Global
	GlobalSection(SolutionConfigurationPlatforms) = preSolution
		Debug|Any CPU = Debug|Any CPU
		Release|Any CPU = Release|Any CPU
	EndGlobalSection
	GlobalSection(ProjectConfigurationPlatforms) = postSolution
		{BC978413-5EB2-4B4F-B55A-2A35D80DAB03}.Debug|Any CPU.ActiveCfg = Debug|Any CPU
		{BC978413-5EB2-4B4F-B55A-2A35D80DAB03}.Debug|Any CPU.Build.0 = Debug|Any CPU
		{BC978413-5EB2-4B4F-B55A-2A35D80DAB03}.Release|Any CPU.ActiveCfg = Release|Any CPU
		{BC978413-5EB2-4B4F-B55A-2A35D80DAB03}.Release|Any CPU.Build.0 = Release|Any CPU
	EndGlobalSection
	GlobalSection(SolutionProperties) = preSolution
		HideSolutionNode = FALSE
	EndGlobalSection
	GlobalSection(ExtensibilityGlobals) = postSolution
		SolutionGuid = {81F854B7-1A67-4CA7-B9C4-2398DFDBC8BB}
	EndGlobalSection
EndGlobal
